dependencies:
- name: common
  repository: https://charts.bitnami.com/bitnami
  version: 1.17.1
- name: mongodb
  repository: https://charts.bitnami.com/bitnami
  version: 12.1.31
- name: open5gs-amf
  repository: file://charts/open5gs-amf
  version: 2.2.0
- name: open5gs-ausf
  repository: file://charts/open5gs-ausf
  version: 2.2.0
- name: open5gs-bsf
  repository: file://charts/open5gs-bsf
  version: 2.2.0
- name: open5gs-hss
  repository: file://charts/open5gs-hss
  version: 2.2.0
- name: open5gs-mme
  repository: file://charts/open5gs-mme
  version: 2.2.0
- name: open5gs-nrf
  repository: file://charts/open5gs-nrf
  version: 2.2.1
- name: open5gs-nssf
  repository: file://charts/open5gs-nssf
  version: 2.2.0
- name: open5gs-pcf
  repository: file://charts/open5gs-pcf
  version: 2.2.0
- name: open5gs-pcrf
  repository: file://charts/open5gs-pcrf
  version: 2.2.0
- name: open5gs-scp
  repository: file://charts/open5gs-scp
  version: 2.2.0
- name: open5gs-sgwc
  repository: file://charts/open5gs-sgwc
  version: 2.2.0
- name: open5gs-sgwu
  repository: file://charts/open5gs-sgwu
  version: 2.2.0
- name: open5gs-smf
  repository: file://charts/open5gs-smf
  version: 2.2.0
- name: open5gs-udm
  repository: file://charts/open5gs-udm
  version: 2.2.0
- name: open5gs-udr
  repository: file://charts/open5gs-udr
  version: 2.2.0
- name: open5gs-upf2
  repository: file://charts/open5gs-upf
  version: 2.2.1
- name: open5gs-webui
  repository: file://charts/open5gs-webui
  version: 2.2.0
digest: sha256:a12719efcf04c108857d999ce5fe91b78ce66986bb10a1270a180f393bf4288d
generated: "2024-06-20T15:41:26.120745702+01:00"
